
Microsoft Visual Studio Solution File, Format Version 12.00
# Visual Studio 15
VisualStudioVersion = 15.0.26124.0
MinimumVisualStudioVersion = 15.0.26124.0
Project("{2150E333-8FDC-42A3-9474-1A3956D46DE8}") = "src", "src", "{C066FCAA-6318-41D1-AC6D-D51947ED028E}"
EndProject
Project("{2150E333-8FDC-42A3-9474-1A3956D46DE8}") = "console", "console", "{B563D83A-5400-45D2-8DB9-9C7A34658F2A}"
EndProject
Project("{9A19103F-16F7-4668-BE54-9A1E7A4F7556}") = "console-sample", "src\console\console-sample.csproj", "{DE85A9B1-10A6-40F5-AA7A-8EC6608EA641}"
EndProject
Project("{2150E333-8FDC-42A3-9474-1A3956D46DE8}") = "web-api", "web-api", "{BB89A537-D848-4887-907A-B28D6527136D}"
EndProject
Project("{9A19103F-16F7-4668-BE54-9A1E7A4F7556}") = "web-api-sample", "src\web-api\web-api-sample.csproj", "{149D4D69-04F8-4055-8741-0EE00FC7D4E8}"
EndProject
Global
	GlobalSection(SolutionConfigurationPlatforms) = preSolution
		Debug|Any CPU = Debug|Any CPU
		Release|Any CPU = Release|Any CPU
	EndGlobalSection
	GlobalSection(ProjectConfigurationPlatforms) = postSolution
		{DE85A9B1-10A6-40F5-AA7A-8EC6608EA641}.Debug|Any CPU.ActiveCfg = Debug|Any CPU
		{DE85A9B1-10A6-40F5-AA7A-8EC6608EA641}.Debug|Any CPU.Build.0 = Debug|Any CPU
		{DE85A9B1-10A6-40F5-AA7A-8EC6608EA641}.Release|Any CPU.ActiveCfg = Release|Any CPU
		{DE85A9B1-10A6-40F5-AA7A-8EC6608EA641}.Release|Any CPU.Build.0 = Release|Any CPU
		{149D4D69-04F8-4055-8741-0EE00FC7D4E8}.Debug|Any CPU.ActiveCfg = Debug|Any CPU
		{149D4D69-04F8-4055-8741-0EE00FC7D4E8}.Debug|Any CPU.Build.0 = Debug|Any CPU
		{149D4D69-04F8-4055-8741-0EE00FC7D4E8}.Release|Any CPU.ActiveCfg = Release|Any CPU
		{149D4D69-04F8-4055-8741-0EE00FC7D4E8}.Release|Any CPU.Build.0 = Release|Any CPU
	EndGlobalSection
	GlobalSection(SolutionProperties) = preSolution
		HideSolutionNode = FALSE
	EndGlobalSection
	GlobalSection(NestedProjects) = preSolution
		{B563D83A-5400-45D2-8DB9-9C7A34658F2A} = {C066FCAA-6318-41D1-AC6D-D51947ED028E}
		{DE85A9B1-10A6-40F5-AA7A-8EC6608EA641} = {B563D83A-5400-45D2-8DB9-9C7A34658F2A}
		{BB89A537-D848-4887-907A-B28D6527136D} = {C066FCAA-6318-41D1-AC6D-D51947ED028E}
		{149D4D69-04F8-4055-8741-0EE00FC7D4E8} = {BB89A537-D848-4887-907A-B28D6527136D}
	EndGlobalSection
	GlobalSection(ExtensibilityGlobals) = postSolution
		SolutionGuid = {8172502E-7B2B-4F2D-9489-8E18D80AC83C}
	EndGlobalSection
EndGlobal
